// !$*UTF8*$!
{
	archiveVersion = 1;
	classes = {
	};
	objectVersion = 46;
	objects = {

/* Begin PBXBuildFile section */
		D63592AB14DE297300C1E45C /* ad2.png in Resources */ = {isa = PBXBuildFile; fileRef = D63592AA14DE297300C1E45C /* ad2.png */; };
		D63592AE14DE297D00C1E45C /* about2.png in Resources */ = {isa = PBXBuildFile; fileRef = D63592AD14DE297D00C1E45C /* about2.png */; };
		D63592B014DE298600C1E45C /* list2.png in Resources */ = {isa = PBXBuildFile; fileRef = D63592AF14DE298600C1E45C /* list2.png */; };
		D65BFBC414C348CA00B50263 /* UIKit.framework in Frameworks */ = {isa = PBXBuildFile; fileRef = D65BFBC314C348CA00B50263 /* UIKit.framework */; };
		D65BFBC614C348CA00B50263 /* Foundation.framework in Frameworks */ = {isa = PBXBuildFile; fileRef = D65BFBC514C348CA00B50263 /* Foundation.framework */; };
		D65BFBC814C348CA00B50263 /* CoreGraphics.framework in Frameworks */ = {isa = PBXBuildFile; fileRef = D65BFBC714C348CA00B50263 /* CoreGraphics.framework */; };
		D65BFBCE14C348CA00B50263 /* InfoPlist.strings in Resources */ = {isa = PBXBuildFile; fileRef = D65BFBCC14C348CA00B50263 /* InfoPlist.strings */; };
		D65BFBD014C348CA00B50263 /* main.m in Sources */ = {isa = PBXBuildFile; fileRef = D65BFBCF14C348CA00B50263 /* main.m */; };
		D65BFBD414C348CA00B50263 /* LJHWAppDelegate.m in Sources */ = {isa = PBXBuildFile; fileRef = D65BFBD314C348CA00B50263 /* LJHWAppDelegate.m */; };
		D65BFBE514C34AB300B50263 /* LocationListViewController.m in Sources */ = {isa = PBXBuildFile; fileRef = D65BFBE314C34AB300B50263 /* LocationListViewController.m */; };
		D65BFBE614C34AB300B50263 /* LocationListViewController.xib in Resources */ = {isa = PBXBuildFile; fileRef = D65BFBE414C34AB300B50263 /* LocationListViewController.xib */; };
		D65BFBF814C35CB800B50263 /* ProductCategoryViewController.m in Sources */ = {isa = PBXBuildFile; fileRef = D65BFBF614C35CB700B50263 /* ProductCategoryViewController.m */; };
		D65BFBF914C35CB800B50263 /* ProductCategoryViewController.xib in Resources */ = {isa = PBXBuildFile; fileRef = D65BFBF714C35CB700B50263 /* ProductCategoryViewController.xib */; };
		D65BFBFD14C35E4E00B50263 /* ShoppingListViewController.m in Sources */ = {isa = PBXBuildFile; fileRef = D65BFBFB14C35E4E00B50263 /* ShoppingListViewController.m */; };
		D65BFBFE14C35E4E00B50263 /* ShoppingListViewController.xib in Resources */ = {isa = PBXBuildFile; fileRef = D65BFBFC14C35E4E00B50263 /* ShoppingListViewController.xib */; };
		D65BFC0214C35F5500B50263 /* ProductDetailViewController.m in Sources */ = {isa = PBXBuildFile; fileRef = D65BFC0014C35F5500B50263 /* ProductDetailViewController.m */; };
		D65BFC0314C35F5500B50263 /* ProductDetailViewController.xib in Resources */ = {isa = PBXBuildFile; fileRef = D65BFC0114C35F5500B50263 /* ProductDetailViewController.xib */; };
		D65BFC0714C3603200B50263 /* ProductCategoryCell.m in Sources */ = {isa = PBXBuildFile; fileRef = D65BFC0514C3603100B50263 /* ProductCategoryCell.m */; };
		D65BFC1614C3648700B50263 /* heb_red.jpg in Resources */ = {isa = PBXBuildFile; fileRef = D65BFC0F14C3648700B50263 /* heb_red.jpg */; };
		D65BFC2514C37D4300B50263 /* ProductCell.m in Sources */ = {isa = PBXBuildFile; fileRef = D65BFC2314C37D4300B50263 /* ProductCell.m */; };
		D65BFC3014C37DEB00B50263 /* ProductNameLabel.m in Sources */ = {isa = PBXBuildFile; fileRef = D65BFC2F14C37DEB00B50263 /* ProductNameLabel.m */; };
		D66F1DF814D3B698009C627A /* UIImage+Resizing.m in Sources */ = {isa = PBXBuildFile; fileRef = D66F1DF714D3B698009C627A /* UIImage+Resizing.m */; };
		D66F1DFA14D3BF21009C627A /* street_store.plist in Resources */ = {isa = PBXBuildFile; fileRef = D66F1DF914D3BF21009C627A /* street_store.plist */; };
		D6712AAD14D5BB3F0095C326 /* NoImage.png in Resources */ = {isa = PBXBuildFile; fileRef = D6712AAC14D5BB3F0095C326 /* NoImage.png */; };
		D67EC23114C7C49D009A773B /* Product.m in Sources */ = {isa = PBXBuildFile; fileRef = D67EC23014C7C49D009A773B /* Product.m */; };
		D6905C1814CE6E95008E74B3 /* libz.1.2.5.dylib in Frameworks */ = {isa = PBXBuildFile; fileRef = D6905C1714CE6E95008E74B3 /* libz.1.2.5.dylib */; };
		D6905C1A14CE6EAA008E74B3 /* CFNetwork.framework in Frameworks */ = {isa = PBXBuildFile; fileRef = D6905C1914CE6EAA008E74B3 /* CFNetwork.framework */; };
		D6905C1C14CE6EBC008E74B3 /* MobileCoreServices.framework in Frameworks */ = {isa = PBXBuildFile; fileRef = D6905C1B14CE6EBC008E74B3 /* MobileCoreServices.framework */; };
		D6905C2714CE7FB3008E74B3 /* SystemConfiguration.framework in Frameworks */ = {isa = PBXBuildFile; fileRef = D6905C2614CE7FB3008E74B3 /* SystemConfiguration.framework */; };
		D691B3FB14D1073F00409BCF /* CoreData.framework in Frameworks */ = {isa = PBXBuildFile; fileRef = D691B3FA14D1073F00409BCF /* CoreData.framework */; };
		D69BB93114D513D00053F7AA /* Products.plist in Resources */ = {isa = PBXBuildFile; fileRef = D69BB93014D513D00053F7AA /* Products.plist */; };
		D69CB90C14DFAF950018119B /* icon1.png in Resources */ = {isa = PBXBuildFile; fileRef = D69CB90B14DFAF950018119B /* icon1.png */; };
		D69CB90E14DFAF9D0018119B /* icon2.png in Resources */ = {isa = PBXBuildFile; fileRef = D69CB90D14DFAF9C0018119B /* icon2.png */; };
		D6A22E2514C52A8D002848E2 /* AboutListViewController.m in Sources */ = {isa = PBXBuildFile; fileRef = D6A22E2314C52A8D002848E2 /* AboutListViewController.m */; };
		D6A22E2614C52A8D002848E2 /* AboutListViewController.xib in Resources */ = {isa = PBXBuildFile; fileRef = D6A22E2414C52A8D002848E2 /* AboutListViewController.xib */; };
		D6A22E2D14C52C86002848E2 /* fruit_basket.png in Resources */ = {isa = PBXBuildFile; fileRef = D6A22E2C14C52C86002848E2 /* fruit_basket.png */; };
		D6A22E3714C5375A002848E2 /* CoreLocation.framework in Frameworks */ = {isa = PBXBuildFile; fileRef = D6A22E3614C5375A002848E2 /* CoreLocation.framework */; };
		D6A22E3914C53775002848E2 /* MapKit.framework in Frameworks */ = {isa = PBXBuildFile; fileRef = D6A22E3814C53775002848E2 /* MapKit.framework */; };
		D6A22E3D14C5B916002848E2 /* PlacemarkViewController.m in Sources */ = {isa = PBXBuildFile; fileRef = D6A22E3B14C5B916002848E2 /* PlacemarkViewController.m */; };
		D6A22E3E14C5B916002848E2 /* PlacemarkViewController.xib in Resources */ = {isa = PBXBuildFile; fileRef = D6A22E3C14C5B916002848E2 /* PlacemarkViewController.xib */; };
		D6B52B751665358C002A339D /* ASIAuthenticationDialog.m in Sources */ = {isa = PBXBuildFile; fileRef = D6B52B5A1665358C002A339D /* ASIAuthenticationDialog.m */; settings = {COMPILER_FLAGS = " -fno-objc-arc"; }; };
		D6B52B761665358C002A339D /* ASIDataCompressor.m in Sources */ = {isa = PBXBuildFile; fileRef = D6B52B5D1665358C002A339D /* ASIDataCompressor.m */; settings = {COMPILER_FLAGS = " -fno-objc-arc"; }; };
		D6B52B771665358C002A339D /* ASIDataDecompressor.m in Sources */ = {isa = PBXBuildFile; fileRef = D6B52B5F1665358C002A339D /* ASIDataDecompressor.m */; settings = {COMPILER_FLAGS = " -fno-objc-arc"; }; };
		D6B52B781665358C002A339D /* ASIDownloadCache.m in Sources */ = {isa = PBXBuildFile; fileRef = D6B52B611665358C002A339D /* ASIDownloadCache.m */; settings = {COMPILER_FLAGS = " -fno-objc-arc"; }; };
		D6B52B791665358C002A339D /* ASIFormDataRequest.m in Sources */ = {isa = PBXBuildFile; fileRef = D6B52B631665358C002A339D /* ASIFormDataRequest.m */; settings = {COMPILER_FLAGS = " -fno-objc-arc"; }; };
		D6B52B7A1665358C002A339D /* ASIHTTPRequest.m in Sources */ = {isa = PBXBuildFile; fileRef = D6B52B651665358C002A339D /* ASIHTTPRequest.m */; settings = {COMPILER_FLAGS = " -fno-objc-arc"; }; };
		D6B52B7B1665358C002A339D /* ASIInputStream.m in Sources */ = {isa = PBXBuildFile; fileRef = D6B52B691665358C002A339D /* ASIInputStream.m */; settings = {COMPILER_FLAGS = " -fno-objc-arc"; }; };
		D6B52B7C1665358C002A339D /* ASINetworkQueue.m in Sources */ = {isa = PBXBuildFile; fileRef = D6B52B6B1665358C002A339D /* ASINetworkQueue.m */; settings = {COMPILER_FLAGS = " -fno-objc-arc"; }; };
		D6B52B7D1665358C002A339D /* GDataXMLElement-Extras.m in Sources */ = {isa = PBXBuildFile; fileRef = D6B52B6F1665358C002A339D /* GDataXMLElement-Extras.m */; settings = {COMPILER_FLAGS = " -fno-objc-arc"; }; };
		D6B52B7E1665358C002A339D /* GDataXMLNode.m in Sources */ = {isa = PBXBuildFile; fileRef = D6B52B711665358C002A339D /* GDataXMLNode.m */; settings = {COMPILER_FLAGS = " -fno-objc-arc"; }; };
		D6B52B7F1665358C002A339D /* Reachability.m in Sources */ = {isa = PBXBuildFile; fileRef = D6B52B741665358C002A339D /* Reachability.m */; settings = {COMPILER_FLAGS = " -fno-objc-arc"; }; };
		D6B52B8116653616002A339D /* libxml2.2.dylib in Frameworks */ = {isa = PBXBuildFile; fileRef = D6B52B8016653616002A339D /* libxml2.2.dylib */; };
		D6B52B881665470F002A339D /* distance.png in Resources */ = {isa = PBXBuildFile; fileRef = D6B52B821665470F002A339D /* distance.png */; };
		D6B52B891665470F002A339D /* distance@2x.png in Resources */ = {isa = PBXBuildFile; fileRef = D6B52B831665470F002A339D /* distance@2x.png */; };
		D6B52B8A1665470F002A339D /* forward@2x.png in Resources */ = {isa = PBXBuildFile; fileRef = D6B52B841665470F002A339D /* forward@2x.png */; };
		D6B52B8B1665470F002A339D /* forward.png in Resources */ = {isa = PBXBuildFile; fileRef = D6B52B851665470F002A339D /* forward.png */; };
		D6B52B8C1665470F002A339D /* reverse.png in Resources */ = {isa = PBXBuildFile; fileRef = D6B52B861665470F002A339D /* reverse.png */; };
		D6B52B8D1665470F002A339D /* reverse@2x.png in Resources */ = {isa = PBXBuildFile; fileRef = D6B52B871665470F002A339D /* reverse@2x.png */; };
		D6B52BAE166553C1002A339D /* AFHTTPClient.m in Sources */ = {isa = PBXBuildFile; fileRef = D6B52B9C166553C1002A339D /* AFHTTPClient.m */; };
		D6B52BAF166553C1002A339D /* AFHTTPRequestOperation.m in Sources */ = {isa = PBXBuildFile; fileRef = D6B52B9E166553C1002A339D /* AFHTTPRequestOperation.m */; };
		D6B52BB0166553C1002A339D /* AFImageRequestOperation.m in Sources */ = {isa = PBXBuildFile; fileRef = D6B52BA0166553C1002A339D /* AFImageRequestOperation.m */; };
		D6B52BB1166553C1002A339D /* AFJSONRequestOperation.m in Sources */ = {isa = PBXBuildFile; fileRef = D6B52BA2166553C1002A339D /* AFJSONRequestOperation.m */; };
		D6B52BB2166553C1002A339D /* AFNetworkActivityIndicatorManager.m in Sources */ = {isa = PBXBuildFile; fileRef = D6B52BA4166553C1002A339D /* AFNetworkActivityIndicatorManager.m */; };
		D6B52BB3166553C1002A339D /* AFPropertyListRequestOperation.m in Sources */ = {isa = PBXBuildFile; fileRef = D6B52BA7166553C1002A339D /* AFPropertyListRequestOperation.m */; };
		D6B52BB4166553C1002A339D /* AFURLConnectionOperation.m in Sources */ = {isa = PBXBuildFile; fileRef = D6B52BA9166553C1002A339D /* AFURLConnectionOperation.m */; };
		D6B52BB5166553C1002A339D /* AFXMLRequestOperation.m in Sources */ = {isa = PBXBuildFile; fileRef = D6B52BAB166553C1002A339D /* AFXMLRequestOperation.m */; };
		D6B52BB6166553C1002A339D /* UIImageView+AFNetworking.m in Sources */ = {isa = PBXBuildFile; fileRef = D6B52BAD166553C1002A339D /* UIImageView+AFNetworking.m */; };
		D6B52BBE16656372002A339D /* SettingsViewController.m in Sources */ = {isa = PBXBuildFile; fileRef = D6B52BBC16656372002A339D /* SettingsViewController.m */; };
		D6B52BBF16656372002A339D /* SettingsViewController.xib in Resources */ = {isa = PBXBuildFile; fileRef = D6B52BBD16656372002A339D /* SettingsViewController.xib */; };
		D6B52BC1166563AA002A339D /* Settings.plist in Resources */ = {isa = PBXBuildFile; fileRef = D6B52BC0166563AA002A339D /* Settings.plist */; };
		D6B52BC4166563FF002A339D /* SwitchTableCell.m in Sources */ = {isa = PBXBuildFile; fileRef = D6B52BC3166563FF002A339D /* SwitchTableCell.m */; };
		D6B52BCA166584A4002A339D /* MessageUI.framework in Frameworks */ = {isa = PBXBuildFile; fileRef = D6B52BC9166584A4002A339D /* MessageUI.framework */; };
		D6C25FEA14DDD5BD00831E70 /* add_button.png in Resources */ = {isa = PBXBuildFile; fileRef = D6C25FE914DDD5BD00831E70 /* add_button.png */; };
		D6C25FF514DE072700831E70 /* Default.png in Resources */ = {isa = PBXBuildFile; fileRef = D6C25FF414DE072700831E70 /* Default.png */; };
		D6C25FF714DE072E00831E70 /* Default@2x.png in Resources */ = {isa = PBXBuildFile; fileRef = D6C25FF614DE072E00831E70 /* Default@2x.png */; };
		D6E1511F165FE3EE003F8147 /* Default-568h@2x.png in Resources */ = {isa = PBXBuildFile; fileRef = D6E1511E165FE3EE003F8147 /* Default-568h@2x.png */; };
		D6E24B9814C3B8F4001FBBBF /* ProductCategoryCell_iphone.m in Sources */ = {isa = PBXBuildFile; fileRef = D6E24B9714C3B8F4001FBBBF /* ProductCategoryCell_iphone.m */; };
/* End PBXBuildFile section */

/* Begin PBXFileReference section */
		D63592AA14DE297300C1E45C /* ad2.png */ = {isa = PBXFileReference; lastKnownFileType = image.png; path = ad2.png; sourceTree = "<group>"; };
		D63592AD14DE297D00C1E45C /* about2.png */ = {isa = PBXFileReference; lastKnownFileType = image.png; path = about2.png; sourceTree = "<group>"; };
		D63592AF14DE298600C1E45C /* list2.png */ = {isa = PBXFileReference; lastKnownFileType = image.png; path = list2.png; sourceTree = "<group>"; };
		D65BFBBF14C348CA00B50263 /* HEB Weekly ADs.app */ = {isa = PBXFileReference; explicitFileType = wrapper.application; includeInIndex = 0; path = "HEB Weekly ADs.app"; sourceTree = BUILT_PRODUCTS_DIR; };
		D65BFBC314C348CA00B50263 /* UIKit.framework */ = {isa = PBXFileReference; lastKnownFileType = wrapper.framework; name = UIKit.framework; path = System/Library/Frameworks/UIKit.framework; sourceTree = SDKROOT; };
		D65BFBC514C348CA00B50263 /* Foundation.framework */ = {isa = PBXFileReference; lastKnownFileType = wrapper.framework; name = Foundation.framework; path = System/Library/Frameworks/Foundation.framework; sourceTree = SDKROOT; };
		D65BFBC714C348CA00B50263 /* CoreGraphics.framework */ = {isa = PBXFileReference; lastKnownFileType = wrapper.framework; name = CoreGraphics.framework; path = System/Library/Frameworks/CoreGraphics.framework; sourceTree = SDKROOT; };
		D65BFBCB14C348CA00B50263 /* HEBTest-Info.plist */ = {isa = PBXFileReference; lastKnownFileType = text.plist.xml; path = "HEBTest-Info.plist"; sourceTree = "<group>"; };
		D65BFBCD14C348CA00B50263 /* en */ = {isa = PBXFileReference; lastKnownFileType = text.plist.strings; name = en; path = en.lproj/InfoPlist.strings; sourceTree = "<group>"; };
		D65BFBCF14C348CA00B50263 /* main.m */ = {isa = PBXFileReference; lastKnownFileType = sourcecode.c.objc; path = main.m; sourceTree = "<group>"; };
		D65BFBD114C348CA00B50263 /* HEBTest-Prefix.pch */ = {isa = PBXFileReference; lastKnownFileType = sourcecode.c.h; path = "HEBTest-Prefix.pch"; sourceTree = "<group>"; };
		D65BFBD214C348CA00B50263 /* LJHWAppDelegate.h */ = {isa = PBXFileReference; lastKnownFileType = sourcecode.c.h; path = LJHWAppDelegate.h; sourceTree = "<group>"; };
		D65BFBD314C348CA00B50263 /* LJHWAppDelegate.m */ = {isa = PBXFileReference; lastKnownFileType = sourcecode.c.objc; path = LJHWAppDelegate.m; sourceTree = "<group>"; };
		D65BFBE214C34AB300B50263 /* LocationListViewController.h */ = {isa = PBXFileReference; fileEncoding = 4; lastKnownFileType = sourcecode.c.h; path = LocationListViewController.h; sourceTree = "<group>"; };
		D65BFBE314C34AB300B50263 /* LocationListViewController.m */ = {isa = PBXFileReference; fileEncoding = 4; lastKnownFileType = sourcecode.c.objc; path = LocationListViewController.m; sourceTree = "<group>"; };
		D65BFBE414C34AB300B50263 /* LocationListViewController.xib */ = {isa = PBXFileReference; fileEncoding = 4; lastKnownFileType = file.xib; path = LocationListViewController.xib; sourceTree = "<group>"; };
		D65BFBF514C35CB700B50263 /* ProductCategoryViewController.h */ = {isa = PBXFileReference; fileEncoding = 4; lastKnownFileType = sourcecode.c.h; path = ProductCategoryViewController.h; sourceTree = "<group>"; };
		D65BFBF614C35CB700B50263 /* ProductCategoryViewController.m */ = {isa = PBXFileReference; fileEncoding = 4; lastKnownFileType = sourcecode.c.objc; path = ProductCategoryViewController.m; sourceTree = "<group>"; };
		D65BFBF714C35CB700B50263 /* ProductCategoryViewController.xib */ = {isa = PBXFileReference; fileEncoding = 4; lastKnownFileType = file.xib; path = ProductCategoryViewController.xib; sourceTree = "<group>"; };
		D65BFBFA14C35E4E00B50263 /* ShoppingListViewController.h */ = {isa = PBXFileReference; fileEncoding = 4; lastKnownFileType = sourcecode.c.h; path = ShoppingListViewController.h; sourceTree = "<group>"; };
		D65BFBFB14C35E4E00B50263 /* ShoppingListViewController.m */ = {isa = PBXFileReference; fileEncoding = 4; lastKnownFileType = sourcecode.c.objc; path = ShoppingListViewController.m; sourceTree = "<group>"; };
		D65BFBFC14C35E4E00B50263 /* ShoppingListViewController.xib */ = {isa = PBXFileReference; fileEncoding = 4; lastKnownFileType = file.xib; path = ShoppingListViewController.xib; sourceTree = "<group>"; };
		D65BFBFF14C35F5500B50263 /* ProductDetailViewController.h */ = {isa = PBXFileReference; fileEncoding = 4; lastKnownFileType = sourcecode.c.h; path = ProductDetailViewController.h; sourceTree = "<group>"; };
		D65BFC0014C35F5500B50263 /* ProductDetailViewController.m */ = {isa = PBXFileReference; fileEncoding = 4; lastKnownFileType = sourcecode.c.objc; path = ProductDetailViewController.m; sourceTree = "<group>"; };
		D65BFC0114C35F5500B50263 /* ProductDetailViewController.xib */ = {isa = PBXFileReference; fileEncoding = 4; lastKnownFileType = file.xib; path = ProductDetailViewController.xib; sourceTree = "<group>"; };
		D65BFC0414C3603100B50263 /* ProductCategoryCell.h */ = {isa = PBXFileReference; fileEncoding = 4; lastKnownFileType = sourcecode.c.h; path = ProductCategoryCell.h; sourceTree = "<group>"; };
		D65BFC0514C3603100B50263 /* ProductCategoryCell.m */ = {isa = PBXFileReference; fileEncoding = 4; lastKnownFileType = sourcecode.c.objc; path = ProductCategoryCell.m; sourceTree = "<group>"; };
		D65BFC0F14C3648700B50263 /* heb_red.jpg */ = {isa = PBXFileReference; lastKnownFileType = image.jpeg; path = heb_red.jpg; sourceTree = "<group>"; };
		D65BFC2114C37B9E00B50263 /* ControlVariables.h */ = {isa = PBXFileReference; fileEncoding = 4; lastKnownFileType = sourcecode.c.h; path = ControlVariables.h; sourceTree = "<group>"; };
		D65BFC2214C37D4300B50263 /* ProductCell.h */ = {isa = PBXFileReference; fileEncoding = 4; lastKnownFileType = sourcecode.c.h; path = ProductCell.h; sourceTree = "<group>"; };
		D65BFC2314C37D4300B50263 /* ProductCell.m */ = {isa = PBXFileReference; fileEncoding = 4; lastKnownFileType = sourcecode.c.objc; path = ProductCell.m; sourceTree = "<group>"; };
		D65BFC2E14C37DEB00B50263 /* ProductNameLabel.h */ = {isa = PBXFileReference; fileEncoding = 4; lastKnownFileType = sourcecode.c.h; path = ProductNameLabel.h; sourceTree = "<group>"; };
		D65BFC2F14C37DEB00B50263 /* ProductNameLabel.m */ = {isa = PBXFileReference; fileEncoding = 4; lastKnownFileType = sourcecode.c.objc; path = ProductNameLabel.m; sourceTree = "<group>"; };
		D66F1DF614D3B698009C627A /* UIImage+Resizing.h */ = {isa = PBXFileReference; fileEncoding = 4; lastKnownFileType = sourcecode.c.h; path = "UIImage+Resizing.h"; sourceTree = "<group>"; };
		D66F1DF714D3B698009C627A /* UIImage+Resizing.m */ = {isa = PBXFileReference; fileEncoding = 4; lastKnownFileType = sourcecode.c.objc; path = "UIImage+Resizing.m"; sourceTree = "<group>"; };
		D66F1DF914D3BF21009C627A /* street_store.plist */ = {isa = PBXFileReference; fileEncoding = 4; lastKnownFileType = text.plist.xml; path = street_store.plist; sourceTree = "<group>"; };
		D6712AAC14D5BB3F0095C326 /* NoImage.png */ = {isa = PBXFileReference; lastKnownFileType = image.png; path = NoImage.png; sourceTree = "<group>"; };
		D67EC22F14C7C49D009A773B /* Product.h */ = {isa = PBXFileReference; fileEncoding = 4; lastKnownFileType = sourcecode.c.h; path = Product.h; sourceTree = "<group>"; };
		D67EC23014C7C49D009A773B /* Product.m */ = {isa = PBXFileReference; fileEncoding = 4; lastKnownFileType = sourcecode.c.objc; path = Product.m; sourceTree = "<group>"; };
		D6905C1714CE6E95008E74B3 /* libz.1.2.5.dylib */ = {isa = PBXFileReference; lastKnownFileType = "compiled.mach-o.dylib"; name = libz.1.2.5.dylib; path = usr/lib/libz.1.2.5.dylib; sourceTree = SDKROOT; };
		D6905C1914CE6EAA008E74B3 /* CFNetwork.framework */ = {isa = PBXFileReference; lastKnownFileType = wrapper.framework; name = CFNetwork.framework; path = System/Library/Frameworks/CFNetwork.framework; sourceTree = SDKROOT; };
		D6905C1B14CE6EBC008E74B3 /* MobileCoreServices.framework */ = {isa = PBXFileReference; lastKnownFileType = wrapper.framework; name = MobileCoreServices.framework; path = System/Library/Frameworks/MobileCoreServices.framework; sourceTree = SDKROOT; };
		D6905C2614CE7FB3008E74B3 /* SystemConfiguration.framework */ = {isa = PBXFileReference; lastKnownFileType = wrapper.framework; name = SystemConfiguration.framework; path = System/Library/Frameworks/SystemConfiguration.framework; sourceTree = SDKROOT; };
		D691B3FA14D1073F00409BCF /* CoreData.framework */ = {isa = PBXFileReference; lastKnownFileType = wrapper.framework; name = CoreData.framework; path = System/Library/Frameworks/CoreData.framework; sourceTree = SDKROOT; };
		D69BB93014D513D00053F7AA /* Products.plist */ = {isa = PBXFileReference; lastKnownFileType = text.plist.xml; path = Products.plist; sourceTree = "<group>"; };
		D69CB90B14DFAF950018119B /* icon1.png */ = {isa = PBXFileReference; lastKnownFileType = image.png; path = icon1.png; sourceTree = "<group>"; };
		D69CB90D14DFAF9C0018119B /* icon2.png */ = {isa = PBXFileReference; lastKnownFileType = image.png; path = icon2.png; sourceTree = "<group>"; };
		D6A22E2214C52A8D002848E2 /* AboutListViewController.h */ = {isa = PBXFileReference; fileEncoding = 4; lastKnownFileType = sourcecode.c.h; path = AboutListViewController.h; sourceTree = "<group>"; };
		D6A22E2314C52A8D002848E2 /* AboutListViewController.m */ = {isa = PBXFileReference; fileEncoding = 4; lastKnownFileType = sourcecode.c.objc; path = AboutListViewController.m; sourceTree = "<group>"; };
		D6A22E2414C52A8D002848E2 /* AboutListViewController.xib */ = {isa = PBXFileReference; fileEncoding = 4; lastKnownFileType = file.xib; path = AboutListViewController.xib; sourceTree = "<group>"; };
		D6A22E2C14C52C86002848E2 /* fruit_basket.png */ = {isa = PBXFileReference; lastKnownFileType = image.png; path = fruit_basket.png; sourceTree = "<group>"; };
		D6A22E3614C5375A002848E2 /* CoreLocation.framework */ = {isa = PBXFileReference; lastKnownFileType = wrapper.framework; name = CoreLocation.framework; path = System/Library/Frameworks/CoreLocation.framework; sourceTree = SDKROOT; };
		D6A22E3814C53775002848E2 /* MapKit.framework */ = {isa = PBXFileReference; lastKnownFileType = wrapper.framework; name = MapKit.framework; path = System/Library/Frameworks/MapKit.framework; sourceTree = SDKROOT; };
		D6A22E3A14C5B916002848E2 /* PlacemarkViewController.h */ = {isa = PBXFileReference; fileEncoding = 4; lastKnownFileType = sourcecode.c.h; path = PlacemarkViewController.h; sourceTree = "<group>"; };
		D6A22E3B14C5B916002848E2 /* PlacemarkViewController.m */ = {isa = PBXFileReference; fileEncoding = 4; lastKnownFileType = sourcecode.c.objc; path = PlacemarkViewController.m; sourceTree = "<group>"; };
		D6A22E3C14C5B916002848E2 /* PlacemarkViewController.xib */ = {isa = PBXFileReference; fileEncoding = 4; lastKnownFileType = file.xib; path = PlacemarkViewController.xib; sourceTree = "<group>"; };
		D6B52B591665358C002A339D /* ASIAuthenticationDialog.h */ = {isa = PBXFileReference; fileEncoding = 4; lastKnownFileType = sourcecode.c.h; path = ASIAuthenticationDialog.h; sourceTree = "<group>"; };
		D6B52B5A1665358C002A339D /* ASIAuthenticationDialog.m */ = {isa = PBXFileReference; fileEncoding = 4; lastKnownFileType = sourcecode.c.objc; path = ASIAuthenticationDialog.m; sourceTree = "<group>"; };
		D6B52B5B1665358C002A339D /* ASICacheDelegate.h */ = {isa = PBXFileReference; fileEncoding = 4; lastKnownFileType = sourcecode.c.h; path = ASICacheDelegate.h; sourceTree = "<group>"; };
		D6B52B5C1665358C002A339D /* ASIDataCompressor.h */ = {isa = PBXFileReference; fileEncoding = 4; lastKnownFileType = sourcecode.c.h; path = ASIDataCompressor.h; sourceTree = "<group>"; };
		D6B52B5D1665358C002A339D /* ASIDataCompressor.m */ = {isa = PBXFileReference; fileEncoding = 4; lastKnownFileType = sourcecode.c.objc; path = ASIDataCompressor.m; sourceTree = "<group>"; };
		D6B52B5E1665358C002A339D /* ASIDataDecompressor.h */ = {isa = PBXFileReference; fileEncoding = 4; lastKnownFileType = sourcecode.c.h; path = ASIDataDecompressor.h; sourceTree = "<group>"; };
		D6B52B5F1665358C002A339D /* ASIDataDecompressor.m */ = {isa = PBXFileReference; fileEncoding = 4; lastKnownFileType = sourcecode.c.objc; path = ASIDataDecompressor.m; sourceTree = "<group>"; };
		D6B52B601665358C002A339D /* ASIDownloadCache.h */ = {isa = PBXFileReference; fileEncoding = 4; lastKnownFileType = sourcecode.c.h; path = ASIDownloadCache.h; sourceTree = "<group>"; };
		D6B52B611665358C002A339D /* ASIDownloadCache.m */ = {isa = PBXFileReference; fileEncoding = 4; lastKnownFileType = sourcecode.c.objc; path = ASIDownloadCache.m; sourceTree = "<group>"; };
		D6B52B621665358C002A339D /* ASIFormDataRequest.h */ = {isa = PBXFileReference; fileEncoding = 4; lastKnownFileType = sourcecode.c.h; path = ASIFormDataRequest.h; sourceTree = "<group>"; };
		D6B52B631665358C002A339D /* ASIFormDataRequest.m */ = {isa = PBXFileReference; fileEncoding = 4; lastKnownFileType = sourcecode.c.objc; path = ASIFormDataRequest.m; sourceTree = "<group>"; };
		D6B52B641665358C002A339D /* ASIHTTPRequest.h */ = {isa = PBXFileReference; fileEncoding = 4; lastKnownFileType = sourcecode.c.h; path = ASIHTTPRequest.h; sourceTree = "<group>"; };
		D6B52B651665358C002A339D /* ASIHTTPRequest.m */ = {isa = PBXFileReference; fileEncoding = 4; lastKnownFileType = sourcecode.c.objc; path = ASIHTTPRequest.m; sourceTree = "<group>"; };
		D6B52B661665358C002A339D /* ASIHTTPRequestConfig.h */ = {isa = PBXFileReference; fileEncoding = 4; lastKnownFileType = sourcecode.c.h; path = ASIHTTPRequestConfig.h; sourceTree = "<group>"; };
		D6B52B671665358C002A339D /* ASIHTTPRequestDelegate.h */ = {isa = PBXFileReference; fileEncoding = 4; lastKnownFileType = sourcecode.c.h; path = ASIHTTPRequestDelegate.h; sourceTree = "<group>"; };
		D6B52B681665358C002A339D /* ASIInputStream.h */ = {isa = PBXFileReference; fileEncoding = 4; lastKnownFileType = sourcecode.c.h; path = ASIInputStream.h; sourceTree = "<group>"; };
		D6B52B691665358C002A339D /* ASIInputStream.m */ = {isa = PBXFileReference; fileEncoding = 4; lastKnownFileType = sourcecode.c.objc; path = ASIInputStream.m; sourceTree = "<group>"; };
		D6B52B6A1665358C002A339D /* ASINetworkQueue.h */ = {isa = PBXFileReference; fileEncoding = 4; lastKnownFileType = sourcecode.c.h; path = ASINetworkQueue.h; sourceTree = "<group>"; };
		D6B52B6B1665358C002A339D /* ASINetworkQueue.m */ = {isa = PBXFileReference; fileEncoding = 4; lastKnownFileType = sourcecode.c.objc; path = ASINetworkQueue.m; sourceTree = "<group>"; };
		D6B52B6C1665358C002A339D /* ASIProgressDelegate.h */ = {isa = PBXFileReference; fileEncoding = 4; lastKnownFileType = sourcecode.c.h; path = ASIProgressDelegate.h; sourceTree = "<group>"; };
		D6B52B6E1665358C002A339D /* GDataXMLElement-Extras.h */ = {isa = PBXFileReference; fileEncoding = 4; lastKnownFileType = sourcecode.c.h; path = "GDataXMLElement-Extras.h"; sourceTree = "<group>"; };
		D6B52B6F1665358C002A339D /* GDataXMLElement-Extras.m */ = {isa = PBXFileReference; fileEncoding = 4; lastKnownFileType = sourcecode.c.objc; path = "GDataXMLElement-Extras.m"; sourceTree = "<group>"; };
		D6B52B701665358C002A339D /* GDataXMLNode.h */ = {isa = PBXFileReference; fileEncoding = 4; lastKnownFileType = sourcecode.c.h; path = GDataXMLNode.h; sourceTree = "<group>"; };
		D6B52B711665358C002A339D /* GDataXMLNode.m */ = {isa = PBXFileReference; fileEncoding = 4; lastKnownFileType = sourcecode.c.objc; path = GDataXMLNode.m; sourceTree = "<group>"; };
		D6B52B721665358C002A339D /* GooglePlaceAPIKey.h */ = {isa = PBXFileReference; fileEncoding = 4; lastKnownFileType = sourcecode.c.h; path = GooglePlaceAPIKey.h; sourceTree = "<group>"; };
		D6B52B731665358C002A339D /* Reachability.h */ = {isa = PBXFileReference; fileEncoding = 4; lastKnownFileType = sourcecode.c.h; path = Reachability.h; sourceTree = "<group>"; };
		D6B52B741665358C002A339D /* Reachability.m */ = {isa = PBXFileReference; fileEncoding = 4; lastKnownFileType = sourcecode.c.objc; path = Reachability.m; sourceTree = "<group>"; };
		D6B52B8016653616002A339D /* libxml2.2.dylib */ = {isa = PBXFileReference; lastKnownFileType = "compiled.mach-o.dylib"; name = libxml2.2.dylib; path = usr/lib/libxml2.2.dylib; sourceTree = SDKROOT; };
		D6B52B821665470F002A339D /* distance.png */ = {isa = PBXFileReference; lastKnownFileType = image.png; path = distance.png; sourceTree = "<group>"; };
		D6B52B831665470F002A339D /* distance@2x.png */ = {isa = PBXFileReference; lastKnownFileType = image.png; path = "distance@2x.png"; sourceTree = "<group>"; };
		D6B52B841665470F002A339D /* forward@2x.png */ = {isa = PBXFileReference; lastKnownFileType = image.png; path = "forward@2x.png"; sourceTree = "<group>"; };
		D6B52B851665470F002A339D /* forward.png */ = {isa = PBXFileReference; lastKnownFileType = image.png; path = forward.png; sourceTree = "<group>"; };
		D6B52B861665470F002A339D /* reverse.png */ = {isa = PBXFileReference; lastKnownFileType = image.png; path = reverse.png; sourceTree = "<group>"; };
		D6B52B871665470F002A339D /* reverse@2x.png */ = {isa = PBXFileReference; lastKnownFileType = image.png; path = "reverse@2x.png"; sourceTree = "<group>"; };
		D6B52B9B166553C1002A339D /* AFHTTPClient.h */ = {isa = PBXFileReference; fileEncoding = 4; lastKnownFileType = sourcecode.c.h; path = AFHTTPClient.h; sourceTree = "<group>"; };
		D6B52B9C166553C1002A339D /* AFHTTPClient.m */ = {isa = PBXFileReference; fileEncoding = 4; lastKnownFileType = sourcecode.c.objc; path = AFHTTPClient.m; sourceTree = "<group>"; };
		D6B52B9D166553C1002A339D /* AFHTTPRequestOperation.h */ = {isa = PBXFileReference; fileEncoding = 4; lastKnownFileType = sourcecode.c.h; path = AFHTTPRequestOperation.h; sourceTree = "<group>"; };
		D6B52B9E166553C1002A339D /* AFHTTPRequestOperation.m */ = {isa = PBXFileReference; fileEncoding = 4; lastKnownFileType = sourcecode.c.objc; path = AFHTTPRequestOperation.m; sourceTree = "<group>"; };
		D6B52B9F166553C1002A339D /* AFImageRequestOperation.h */ = {isa = PBXFileReference; fileEncoding = 4; lastKnownFileType = sourcecode.c.h; path = AFImageRequestOperation.h; sourceTree = "<group>"; };
		D6B52BA0166553C1002A339D /* AFImageRequestOperation.m */ = {isa = PBXFileReference; fileEncoding = 4; lastKnownFileType = sourcecode.c.objc; path = AFImageRequestOperation.m; sourceTree = "<group>"; };
		D6B52BA1166553C1002A339D /* AFJSONRequestOperation.h */ = {isa = PBXFileReference; fileEncoding = 4; lastKnownFileType = sourcecode.c.h; path = AFJSONRequestOperation.h; sourceTree = "<group>"; };
		D6B52BA2166553C1002A339D /* AFJSONRequestOperation.m */ = {isa = PBXFileReference; fileEncoding = 4; lastKnownFileType = sourcecode.c.objc; path = AFJSONRequestOperation.m; sourceTree = "<group>"; };
		D6B52BA3166553C1002A339D /* AFNetworkActivityIndicatorManager.h */ = {isa = PBXFileReference; fileEncoding = 4; lastKnownFileType = sourcecode.c.h; path = AFNetworkActivityIndicatorManager.h; sourceTree = "<group>"; };
		D6B52BA4166553C1002A339D /* AFNetworkActivityIndicatorManager.m */ = {isa = PBXFileReference; fileEncoding = 4; lastKnownFileType = sourcecode.c.objc; path = AFNetworkActivityIndicatorManager.m; sourceTree = "<group>"; };
		D6B52BA5166553C1002A339D /* AFNetworking.h */ = {isa = PBXFileReference; fileEncoding = 4; lastKnownFileType = sourcecode.c.h; path = AFNetworking.h; sourceTree = "<group>"; };
		D6B52BA6166553C1002A339D /* AFPropertyListRequestOperation.h */ = {isa = PBXFileReference; fileEncoding = 4; lastKnownFileType = sourcecode.c.h; path = AFPropertyListRequestOperation.h; sourceTree = "<group>"; };
		D6B52BA7166553C1002A339D /* AFPropertyListRequestOperation.m */ = {isa = PBXFileReference; fileEncoding = 4; lastKnownFileType = sourcecode.c.objc; path = AFPropertyListRequestOperation.m; sourceTree = "<group>"; };
		D6B52BA8166553C1002A339D /* AFURLConnectionOperation.h */ = {isa = PBXFileReference; fileEncoding = 4; lastKnownFileType = sourcecode.c.h; path = AFURLConnectionOperation.h; sourceTree = "<group>"; };
		D6B52BA9166553C1002A339D /* AFURLConnectionOperation.m */ = {isa = PBXFileReference; fileEncoding = 4; lastKnownFileType = sourcecode.c.objc; path = AFURLConnectionOperation.m; sourceTree = "<group>"; };
		D6B52BAA166553C1002A339D /* AFXMLRequestOperation.h */ = {isa = PBXFileReference; fileEncoding = 4; lastKnownFileType = sourcecode.c.h; path = AFXMLRequestOperation.h; sourceTree = "<group>"; };
		D6B52BAB166553C1002A339D /* AFXMLRequestOperation.m */ = {isa = PBXFileReference; fileEncoding = 4; lastKnownFileType = sourcecode.c.objc; path = AFXMLRequestOperation.m; sourceTree = "<group>"; };
		D6B52BAC166553C1002A339D /* UIImageView+AFNetworking.h */ = {isa = PBXFileReference; fileEncoding = 4; lastKnownFileType = sourcecode.c.h; path = "UIImageView+AFNetworking.h"; sourceTree = "<group>"; };
		D6B52BAD166553C1002A339D /* UIImageView+AFNetworking.m */ = {isa = PBXFileReference; fileEncoding = 4; lastKnownFileType = sourcecode.c.objc; path = "UIImageView+AFNetworking.m"; sourceTree = "<group>"; };
		D6B52BBB16656372002A339D /* SettingsViewController.h */ = {isa = PBXFileReference; fileEncoding = 4; lastKnownFileType = sourcecode.c.h; path = SettingsViewController.h; sourceTree = "<group>"; };
		D6B52BBC16656372002A339D /* SettingsViewController.m */ = {isa = PBXFileReference; fileEncoding = 4; lastKnownFileType = sourcecode.c.objc; path = SettingsViewController.m; sourceTree = "<group>"; };
		D6B52BBD16656372002A339D /* SettingsViewController.xib */ = {isa = PBXFileReference; fileEncoding = 4; lastKnownFileType = file.xib; path = SettingsViewController.xib; sourceTree = "<group>"; };
		D6B52BC0166563AA002A339D /* Settings.plist */ = {isa = PBXFileReference; fileEncoding = 4; lastKnownFileType = text.plist.xml; path = Settings.plist; sourceTree = "<group>"; };
		D6B52BC2166563FF002A339D /* SwitchTableCell.h */ = {isa = PBXFileReference; fileEncoding = 4; lastKnownFileType = sourcecode.c.h; path = SwitchTableCell.h; sourceTree = "<group>"; };
		D6B52BC3166563FF002A339D /* SwitchTableCell.m */ = {isa = PBXFileReference; fileEncoding = 4; lastKnownFileType = sourcecode.c.objc; path = SwitchTableCell.m; sourceTree = "<group>"; };
		D6B52BC9166584A4002A339D /* MessageUI.framework */ = {isa = PBXFileReference; lastKnownFileType = wrapper.framework; name = MessageUI.framework; path = System/Library/Frameworks/MessageUI.framework; sourceTree = SDKROOT; };
		D6C25FE914DDD5BD00831E70 /* add_button.png */ = {isa = PBXFileReference; lastKnownFileType = image.png; path = add_button.png; sourceTree = "<group>"; };
		D6C25FF414DE072700831E70 /* Default.png */ = {isa = PBXFileReference; lastKnownFileType = image.png; name = Default.png; path = ../Default.png; sourceTree = "<group>"; };
		D6C25FF614DE072E00831E70 /* Default@2x.png */ = {isa = PBXFileReference; lastKnownFileType = image.png; name = "Default@2x.png"; path = "../Default@2x.png"; sourceTree = "<group>"; };
		D6E1511E165FE3EE003F8147 /* Default-568h@2x.png */ = {isa = PBXFileReference; lastKnownFileType = image.png; path = "Default-568h@2x.png"; sourceTree = "<group>"; };
		D6E24B9614C3B8F4001FBBBF /* ProductCategoryCell_iphone.h */ = {isa = PBXFileReference; fileEncoding = 4; lastKnownFileType = sourcecode.c.h; path = ProductCategoryCell_iphone.h; sourceTree = "<group>"; };
		D6E24B9714C3B8F4001FBBBF /* ProductCategoryCell_iphone.m */ = {isa = PBXFileReference; fileEncoding = 4; lastKnownFileType = sourcecode.c.objc; path = ProductCategoryCell_iphone.m; sourceTree = "<group>"; };
/* End PBXFileReference section */

/* Begin PBXFrameworksBuildPhase section */
		D65BFBBC14C348CA00B50263 /* Frameworks */ = {
			isa = PBXFrameworksBuildPhase;
			buildActionMask = 2147483647;
			files = (
				D6B52BCA166584A4002A339D /* MessageUI.framework in Frameworks */,
				D6905C2714CE7FB3008E74B3 /* SystemConfiguration.framework in Frameworks */,
				D6B52B8116653616002A339D /* libxml2.2.dylib in Frameworks */,
				D691B3FB14D1073F00409BCF /* CoreData.framework in Frameworks */,
				D6905C1C14CE6EBC008E74B3 /* MobileCoreServices.framework in Frameworks */,
				D6905C1A14CE6EAA008E74B3 /* CFNetwork.framework in Frameworks */,
				D6905C1814CE6E95008E74B3 /* libz.1.2.5.dylib in Frameworks */,
				D6A22E3914C53775002848E2 /* MapKit.framework in Frameworks */,
				D65BFBC814C348CA00B50263 /* CoreGraphics.framework in Frameworks */,
				D6A22E3714C5375A002848E2 /* CoreLocation.framework in Frameworks */,
				D65BFBC414C348CA00B50263 /* UIKit.framework in Frameworks */,
				D65BFBC614C348CA00B50263 /* Foundation.framework in Frameworks */,
			);
			runOnlyForDeploymentPostprocessing = 0;
		};
/* End PBXFrameworksBuildPhase section */

/* Begin PBXGroup section */
		D65BFBB414C348CA00B50263 = {
			isa = PBXGroup;
			children = (
				D6B52BC9166584A4002A339D /* MessageUI.framework */,
				D6B52B571665358C002A339D /* ThirdParty */,
				D6E1511E165FE3EE003F8147 /* Default-568h@2x.png */,
				D69CB90D14DFAF9C0018119B /* icon2.png */,
				D69CB90B14DFAF950018119B /* icon1.png */,
				D65BFBC914C348CA00B50263 /* HEBTest */,
				D65BFBC214C348CA00B50263 /* Frameworks */,
				D65BFBC014C348CA00B50263 /* Products */,
			);
			sourceTree = "<group>";
		};
		D65BFBC014C348CA00B50263 /* Products */ = {
			isa = PBXGroup;
			children = (
				D65BFBBF14C348CA00B50263 /* HEB Weekly ADs.app */,
			);
			name = Products;
			sourceTree = "<group>";
		};
		D65BFBC214C348CA00B50263 /* Frameworks */ = {
			isa = PBXGroup;
			children = (
				D6B52B8016653616002A339D /* libxml2.2.dylib */,
				D691B3FA14D1073F00409BCF /* CoreData.framework */,
				D6905C2614CE7FB3008E74B3 /* SystemConfiguration.framework */,
				D6905C1714CE6E95008E74B3 /* libz.1.2.5.dylib */,
				D6905C1B14CE6EBC008E74B3 /* MobileCoreServices.framework */,
				D6905C1914CE6EAA008E74B3 /* CFNetwork.framework */,
				D6A22E3814C53775002848E2 /* MapKit.framework */,
				D6A22E3614C5375A002848E2 /* CoreLocation.framework */,
				D65BFBC314C348CA00B50263 /* UIKit.framework */,
				D65BFBC514C348CA00B50263 /* Foundation.framework */,
				D65BFBC714C348CA00B50263 /* CoreGraphics.framework */,
			);
			name = Frameworks;
			sourceTree = "<group>";
		};
		D65BFBC914C348CA00B50263 /* HEBTest */ = {
			isa = PBXGroup;
			children = (
				D6A8E0E214D25C06002417D6 /* ADs */,
				D6A8E0E114D25BDA002417D6 /* Shopping List */,
				D6A8E0E014D25AAC002417D6 /* Model */,
				D6A8E0DD14D23614002417D6 /* res */,
				D65BFC1C14C3794700B50263 /* Main */,
				D65BFBCA14C348CA00B50263 /* Supporting Files */,
				D65BFC1B14C378E300B50263 /* View Controllers */,
			);
			path = HEBTest;
			sourceTree = "<group>";
		};
		D65BFBCA14C348CA00B50263 /* Supporting Files */ = {
			isa = PBXGroup;
			children = (
				D69BB93014D513D00053F7AA /* Products.plist */,
				D66F1DF914D3BF21009C627A /* street_store.plist */,
				D65BFBCB14C348CA00B50263 /* HEBTest-Info.plist */,
				D65BFBCC14C348CA00B50263 /* InfoPlist.strings */,
				D65BFBCF14C348CA00B50263 /* main.m */,
				D65BFBD114C348CA00B50263 /* HEBTest-Prefix.pch */,
			);
			name = "Supporting Files";
			sourceTree = "<group>";
		};
		D65BFC1B14C378E300B50263 /* View Controllers */ = {
			isa = PBXGroup;
			children = (
				D6B52BC2166563FF002A339D /* SwitchTableCell.h */,
				D6B52BC3166563FF002A339D /* SwitchTableCell.m */,
				D6B52BC0166563AA002A339D /* Settings.plist */,
				D6B52BBB16656372002A339D /* SettingsViewController.h */,
				D6B52BBC16656372002A339D /* SettingsViewController.m */,
				D6B52BBD16656372002A339D /* SettingsViewController.xib */,
				D6A22E2214C52A8D002848E2 /* AboutListViewController.h */,
				D6A22E2314C52A8D002848E2 /* AboutListViewController.m */,
				D6A22E2414C52A8D002848E2 /* AboutListViewController.xib */,
			);
			name = "View Controllers";
			sourceTree = "<group>";
		};
		D65BFC1C14C3794700B50263 /* Main */ = {
			isa = PBXGroup;
			children = (
				D65BFBD214C348CA00B50263 /* LJHWAppDelegate.h */,
				D65BFBD314C348CA00B50263 /* LJHWAppDelegate.m */,
			);
			name = Main;
			sourceTree = "<group>";
		};
		D6A8E0DD14D23614002417D6 /* res */ = {
			isa = PBXGroup;
			children = (
				D6B52B821665470F002A339D /* distance.png */,
				D6B52B831665470F002A339D /* distance@2x.png */,
				D6B52B841665470F002A339D /* forward@2x.png */,
				D6B52B851665470F002A339D /* forward.png */,
				D6B52B861665470F002A339D /* reverse.png */,
				D6B52B871665470F002A339D /* reverse@2x.png */,
				D6C25FF614DE072E00831E70 /* Default@2x.png */,
				D6C25FF414DE072700831E70 /* Default.png */,
				D63592AF14DE298600C1E45C /* list2.png */,
				D63592AD14DE297D00C1E45C /* about2.png */,
				D63592AA14DE297300C1E45C /* ad2.png */,
				D6A22E2C14C52C86002848E2 /* fruit_basket.png */,
				D65BFC0F14C3648700B50263 /* heb_red.jpg */,
				D6712AAC14D5BB3F0095C326 /* NoImage.png */,
				D6C25FE914DDD5BD00831E70 /* add_button.png */,
			);
			name = res;
			sourceTree = "<group>";
		};
		D6A8E0E014D25AAC002417D6 /* Model */ = {
			isa = PBXGroup;
			children = (
				D66F1DF614D3B698009C627A /* UIImage+Resizing.h */,
				D66F1DF714D3B698009C627A /* UIImage+Resizing.m */,
				D67EC22F14C7C49D009A773B /* Product.h */,
				D67EC23014C7C49D009A773B /* Product.m */,
			);
			name = Model;
			sourceTree = "<group>";
		};
		D6A8E0E114D25BDA002417D6 /* Shopping List */ = {
			isa = PBXGroup;
			children = (
				D65BFBFA14C35E4E00B50263 /* ShoppingListViewController.h */,
				D65BFBFB14C35E4E00B50263 /* ShoppingListViewController.m */,
				D65BFBFC14C35E4E00B50263 /* ShoppingListViewController.xib */,
			);
			name = "Shopping List";
			sourceTree = "<group>";
		};
		D6A8E0E214D25C06002417D6 /* ADs */ = {
			isa = PBXGroup;
			children = (
				D65BFC2114C37B9E00B50263 /* ControlVariables.h */,
				D65BFC2E14C37DEB00B50263 /* ProductNameLabel.h */,
				D65BFC2F14C37DEB00B50263 /* ProductNameLabel.m */,
				D65BFBF514C35CB700B50263 /* ProductCategoryViewController.h */,
				D65BFBF614C35CB700B50263 /* ProductCategoryViewController.m */,
				D65BFBF714C35CB700B50263 /* ProductCategoryViewController.xib */,
				D65BFBE214C34AB300B50263 /* LocationListViewController.h */,
				D65BFBE314C34AB300B50263 /* LocationListViewController.m */,
				D65BFBE414C34AB300B50263 /* LocationListViewController.xib */,
				D65BFBFF14C35F5500B50263 /* ProductDetailViewController.h */,
				D65BFC0014C35F5500B50263 /* ProductDetailViewController.m */,
				D65BFC0114C35F5500B50263 /* ProductDetailViewController.xib */,
				D65BFC0414C3603100B50263 /* ProductCategoryCell.h */,
				D65BFC0514C3603100B50263 /* ProductCategoryCell.m */,
				D65BFC2214C37D4300B50263 /* ProductCell.h */,
				D65BFC2314C37D4300B50263 /* ProductCell.m */,
				D6E24B9614C3B8F4001FBBBF /* ProductCategoryCell_iphone.h */,
				D6E24B9714C3B8F4001FBBBF /* ProductCategoryCell_iphone.m */,
				D6A22E3A14C5B916002848E2 /* PlacemarkViewController.h */,
				D6A22E3B14C5B916002848E2 /* PlacemarkViewController.m */,
				D6A22E3C14C5B916002848E2 /* PlacemarkViewController.xib */,
			);
			name = ADs;
			sourceTree = "<group>";
		};
		D6B52B571665358C002A339D /* ThirdParty */ = {
			isa = PBXGroup;
			children = (
				D6B52B9A166553C1002A339D /* AFNetworking */,
				D6B52B581665358C002A339D /* ASIHTTP */,
				D6B52B6D1665358C002A339D /* Google */,
			);
			path = ThirdParty;
			sourceTree = "<group>";
		};
		D6B52B581665358C002A339D /* ASIHTTP */ = {
			isa = PBXGroup;
			children = (
				D6B52B591665358C002A339D /* ASIAuthenticationDialog.h */,
				D6B52B5A1665358C002A339D /* ASIAuthenticationDialog.m */,
				D6B52B5B1665358C002A339D /* ASICacheDelegate.h */,
				D6B52B5C1665358C002A339D /* ASIDataCompressor.h */,
				D6B52B5D1665358C002A339D /* ASIDataCompressor.m */,
				D6B52B5E1665358C002A339D /* ASIDataDecompressor.h */,
				D6B52B5F1665358C002A339D /* ASIDataDecompressor.m */,
				D6B52B601665358C002A339D /* ASIDownloadCache.h */,
				D6B52B611665358C002A339D /* ASIDownloadCache.m */,
				D6B52B621665358C002A339D /* ASIFormDataRequest.h */,
				D6B52B631665358C002A339D /* ASIFormDataRequest.m */,
				D6B52B641665358C002A339D /* ASIHTTPRequest.h */,
				D6B52B651665358C002A339D /* ASIHTTPRequest.m */,
				D6B52B661665358C002A339D /* ASIHTTPRequestConfig.h */,
				D6B52B671665358C002A339D /* ASIHTTPRequestDelegate.h */,
				D6B52B681665358C002A339D /* ASIInputStream.h */,
				D6B52B691665358C002A339D /* ASIInputStream.m */,
				D6B52B6A1665358C002A339D /* ASINetworkQueue.h */,
				D6B52B6B1665358C002A339D /* ASINetworkQueue.m */,
				D6B52B6C1665358C002A339D /* ASIProgressDelegate.h */,
			);
			path = ASIHTTP;
			sourceTree = "<group>";
		};
		D6B52B6D1665358C002A339D /* Google */ = {
			isa = PBXGroup;
			children = (
				D6B52B6E1665358C002A339D /* GDataXMLElement-Extras.h */,
				D6B52B6F1665358C002A339D /* GDataXMLElement-Extras.m */,
				D6B52B701665358C002A339D /* GDataXMLNode.h */,
				D6B52B711665358C002A339D /* GDataXMLNode.m */,
				D6B52B721665358C002A339D /* GooglePlaceAPIKey.h */,
				D6B52B731665358C002A339D /* Reachability.h */,
				D6B52B741665358C002A339D /* Reachability.m */,
			);
			path = Google;
			sourceTree = "<group>";
		};
		D6B52B9A166553C1002A339D /* AFNetworking */ = {
			isa = PBXGroup;
			children = (
				D6B52B9B166553C1002A339D /* AFHTTPClient.h */,
				D6B52B9C166553C1002A339D /* AFHTTPClient.m */,
				D6B52B9D166553C1002A339D /* AFHTTPRequestOperation.h */,
				D6B52B9E166553C1002A339D /* AFHTTPRequestOperation.m */,
				D6B52B9F166553C1002A339D /* AFImageRequestOperation.h */,
				D6B52BA0166553C1002A339D /* AFImageRequestOperation.m */,
				D6B52BA1166553C1002A339D /* AFJSONRequestOperation.h */,
				D6B52BA2166553C1002A339D /* AFJSONRequestOperation.m */,
				D6B52BA3166553C1002A339D /* AFNetworkActivityIndicatorManager.h */,
				D6B52BA4166553C1002A339D /* AFNetworkActivityIndicatorManager.m */,
				D6B52BA5166553C1002A339D /* AFNetworking.h */,
				D6B52BA6166553C1002A339D /* AFPropertyListRequestOperation.h */,
				D6B52BA7166553C1002A339D /* AFPropertyListRequestOperation.m */,
				D6B52BA8166553C1002A339D /* AFURLConnectionOperation.h */,
				D6B52BA9166553C1002A339D /* AFURLConnectionOperation.m */,
				D6B52BAA166553C1002A339D /* AFXMLRequestOperation.h */,
				D6B52BAB166553C1002A339D /* AFXMLRequestOperation.m */,
				D6B52BAC166553C1002A339D /* UIImageView+AFNetworking.h */,
				D6B52BAD166553C1002A339D /* UIImageView+AFNetworking.m */,
			);
			path = AFNetworking;
			sourceTree = "<group>";
		};
/* End PBXGroup section */

/* Begin PBXNativeTarget section */
		D65BFBBE14C348CA00B50263 /* HEBTest */ = {
			isa = PBXNativeTarget;
			buildConfigurationList = D65BFBDD14C348CA00B50263 /* Build configuration list for PBXNativeTarget "HEBTest" */;
			buildPhases = (
				D65BFBBB14C348CA00B50263 /* Sources */,
				D65BFBBC14C348CA00B50263 /* Frameworks */,
				D65BFBBD14C348CA00B50263 /* Resources */,
			);
			buildRules = (
			);
			dependencies = (
			);
			name = HEBTest;
			productName = HEBTest;
			productReference = D65BFBBF14C348CA00B50263 /* HEB Weekly ADs.app */;
			productType = "com.apple.product-type.application";
		};
/* End PBXNativeTarget section */

/* Begin PBXProject section */
		D65BFBB614C348CA00B50263 /* Project object */ = {
			isa = PBXProject;
			attributes = {
				LastUpgradeCheck = 0430;
				ORGANIZATIONNAME = "Harvard University Extension School";
			};
			buildConfigurationList = D65BFBB914C348CA00B50263 /* Build configuration list for PBXProject "HEBTest" */;
			compatibilityVersion = "Xcode 3.2";
			developmentRegion = English;
			hasScannedForEncodings = 0;
			knownRegions = (
				en,
			);
			mainGroup = D65BFBB414C348CA00B50263;
			productRefGroup = D65BFBC014C348CA00B50263 /* Products */;
			projectDirPath = "";
			projectRoot = "";
			targets = (
				D65BFBBE14C348CA00B50263 /* HEBTest */,
			);
		};
/* End PBXProject section */

/* Begin PBXResourcesBuildPhase section */
		D65BFBBD14C348CA00B50263 /* Resources */ = {
			isa = PBXResourcesBuildPhase;
			buildActionMask = 2147483647;
			files = (
				D65BFBCE14C348CA00B50263 /* InfoPlist.strings in Resources */,
				D65BFBE614C34AB300B50263 /* LocationListViewController.xib in Resources */,
				D65BFBF914C35CB800B50263 /* ProductCategoryViewController.xib in Resources */,
				D65BFBFE14C35E4E00B50263 /* ShoppingListViewController.xib in Resources */,
				D65BFC0314C35F5500B50263 /* ProductDetailViewController.xib in Resources */,
				D65BFC1614C3648700B50263 /* heb_red.jpg in Resources */,
				D6A22E2614C52A8D002848E2 /* AboutListViewController.xib in Resources */,
				D6A22E2D14C52C86002848E2 /* fruit_basket.png in Resources */,
				D6A22E3E14C5B916002848E2 /* PlacemarkViewController.xib in Resources */,
				D66F1DFA14D3BF21009C627A /* street_store.plist in Resources */,
				D69BB93114D513D00053F7AA /* Products.plist in Resources */,
				D6712AAD14D5BB3F0095C326 /* NoImage.png in Resources */,
				D6C25FEA14DDD5BD00831E70 /* add_button.png in Resources */,
				D6C25FF514DE072700831E70 /* Default.png in Resources */,
				D6C25FF714DE072E00831E70 /* Default@2x.png in Resources */,
				D63592AB14DE297300C1E45C /* ad2.png in Resources */,
				D63592AE14DE297D00C1E45C /* about2.png in Resources */,
				D63592B014DE298600C1E45C /* list2.png in Resources */,
				D69CB90C14DFAF950018119B /* icon1.png in Resources */,
				D69CB90E14DFAF9D0018119B /* icon2.png in Resources */,
				D6E1511F165FE3EE003F8147 /* Default-568h@2x.png in Resources */,
				D6B52B881665470F002A339D /* distance.png in Resources */,
				D6B52B891665470F002A339D /* distance@2x.png in Resources */,
				D6B52B8A1665470F002A339D /* forward@2x.png in Resources */,
				D6B52B8B1665470F002A339D /* forward.png in Resources */,
				D6B52B8C1665470F002A339D /* reverse.png in Resources */,
				D6B52B8D1665470F002A339D /* reverse@2x.png in Resources */,
				D6B52BBF16656372002A339D /* SettingsViewController.xib in Resources */,
				D6B52BC1166563AA002A339D /* Settings.plist in Resources */,
			);
			runOnlyForDeploymentPostprocessing = 0;
		};
/* End PBXResourcesBuildPhase section */

/* Begin PBXSourcesBuildPhase section */
		D65BFBBB14C348CA00B50263 /* Sources */ = {
			isa = PBXSourcesBuildPhase;
			buildActionMask = 2147483647;
			files = (
				D65BFBD014C348CA00B50263 /* main.m in Sources */,
				D65BFBD414C348CA00B50263 /* LJHWAppDelegate.m in Sources */,
				D65BFBE514C34AB300B50263 /* LocationListViewController.m in Sources */,
				D65BFBF814C35CB800B50263 /* ProductCategoryViewController.m in Sources */,
				D65BFBFD14C35E4E00B50263 /* ShoppingListViewController.m in Sources */,
				D65BFC0214C35F5500B50263 /* ProductDetailViewController.m in Sources */,
				D65BFC0714C3603200B50263 /* ProductCategoryCell.m in Sources */,
				D65BFC2514C37D4300B50263 /* ProductCell.m in Sources */,
				D65BFC3014C37DEB00B50263 /* ProductNameLabel.m in Sources */,
				D6E24B9814C3B8F4001FBBBF /* ProductCategoryCell_iphone.m in Sources */,
				D6A22E2514C52A8D002848E2 /* AboutListViewController.m in Sources */,
				D6A22E3D14C5B916002848E2 /* PlacemarkViewController.m in Sources */,
				D67EC23114C7C49D009A773B /* Product.m in Sources */,
				D66F1DF814D3B698009C627A /* UIImage+Resizing.m in Sources */,
				D6B52B751665358C002A339D /* ASIAuthenticationDialog.m in Sources */,
				D6B52B761665358C002A339D /* ASIDataCompressor.m in Sources */,
				D6B52B771665358C002A339D /* ASIDataDecompressor.m in Sources */,
				D6B52B781665358C002A339D /* ASIDownloadCache.m in Sources */,
				D6B52B791665358C002A339D /* ASIFormDataRequest.m in Sources */,
				D6B52B7A1665358C002A339D /* ASIHTTPRequest.m in Sources */,
				D6B52B7B1665358C002A339D /* ASIInputStream.m in Sources */,
				D6B52B7C1665358C002A339D /* ASINetworkQueue.m in Sources */,
				D6B52B7D1665358C002A339D /* GDataXMLElement-Extras.m in Sources */,
				D6B52B7E1665358C002A339D /* GDataXMLNode.m in Sources */,
				D6B52B7F1665358C002A339D /* Reachability.m in Sources */,
				D6B52BAE166553C1002A339D /* AFHTTPClient.m in Sources */,
				D6B52BAF166553C1002A339D /* AFHTTPRequestOperation.m in Sources */,
				D6B52BB0166553C1002A339D /* AFImageRequestOperation.m in Sources */,
				D6B52BB1166553C1002A339D /* AFJSONRequestOperation.m in Sources */,
				D6B52BB2166553C1002A339D /* AFNetworkActivityIndicatorManager.m in Sources */,
				D6B52BB3166553C1002A339D /* AFPropertyListRequestOperation.m in Sources */,
				D6B52BB4166553C1002A339D /* AFURLConnectionOperation.m in Sources */,
				D6B52BB5166553C1002A339D /* AFXMLRequestOperation.m in Sources */,
				D6B52BB6166553C1002A339D /* UIImageView+AFNetworking.m in Sources */,
				D6B52BBE16656372002A339D /* SettingsViewController.m in Sources */,
				D6B52BC4166563FF002A339D /* SwitchTableCell.m in Sources */,
			);
			runOnlyForDeploymentPostprocessing = 0;
		};
/* End PBXSourcesBuildPhase section */

/* Begin PBXVariantGroup section */
		D65BFBCC14C348CA00B50263 /* InfoPlist.strings */ = {
			isa = PBXVariantGroup;
			children = (
				D65BFBCD14C348CA00B50263 /* en */,
			);
			name = InfoPlist.strings;
			sourceTree = "<group>";
		};
/* End PBXVariantGroup section */

/* Begin XCBuildConfiguration section */
		D61CA36514DF91CE0016BB37 /* Distribution */ = {
			isa = XCBuildConfiguration;
			buildSettings = {
				ALWAYS_SEARCH_USER_PATHS = YES;
				ARCHS = "$(ARCHS_STANDARD_32_BIT)";
				CODE_SIGN_IDENTITY = "iPhone Distribution: Liangjun Jiang";
				"CODE_SIGN_IDENTITY[sdk=iphoneos*]" = "iPhone Distribution: Liangjun Jiang";
				COMPRESS_PNG_FILES = NO;
				COPY_PHASE_STRIP = YES;
				GCC_C_LANGUAGE_STANDARD = gnu99;
				GCC_VERSION = com.apple.compilers.llvm.clang.1_0;
				GCC_WARN_ABOUT_MISSING_PROTOTYPES = YES;
				GCC_WARN_ABOUT_RETURN_TYPE = YES;
				GCC_WARN_UNUSED_VARIABLE = YES;
				IPHONEOS_DEPLOYMENT_TARGET = 5.0;
				OTHER_CFLAGS = "-DNS_BLOCK_ASSERTIONS=1";
				PROVISIONING_PROFILE = "7BACA096-4847-49F6-B736-84BB09BED8C7";
				"PROVISIONING_PROFILE[sdk=iphoneos*]" = "7BACA096-4847-49F6-B736-84BB09BED8C7";
				SDKROOT = iphoneos;
				VALIDATE_PRODUCT = YES;
			};
			name = Distribution;
		};
		D61CA36614DF91CE0016BB37 /* Distribution */ = {
			isa = XCBuildConfiguration;
			buildSettings = {
				CLANG_ENABLE_OBJC_ARC = YES;
				CODE_SIGN_IDENTITY = "";
				GCC_PRECOMPILE_PREFIX_HEADER = YES;
				GCC_PREFIX_HEADER = "HEBTest/HEBTest-Prefix.pch";
				HEADER_SEARCH_PATHS = (
					/usr/include/libxml2,
					"\"$(SOURCE_ROOT)/SBJson/Build\"",
				);
				INFOPLIST_FILE = "HEBTest/HEBTest-Info.plist";
				IPHONEOS_DEPLOYMENT_TARGET = 5.0;
				ONLY_ACTIVE_ARCH = YES;
				OTHER_LDFLAGS = (
					"-lxml2",
					"-ObjC-all_load",
				);
				PRODUCT_NAME = "HEB Weekly ADs";
				WRAPPER_EXTENSION = app;
			};
			name = Distribution;
		};
		D65BFBDB14C348CA00B50263 /* Debug */ = {
			isa = XCBuildConfiguration;
			buildSettings = {
				ALWAYS_SEARCH_USER_PATHS = YES;
				ARCHS = "$(ARCHS_STANDARD_32_BIT)";
				CODE_SIGN_IDENTITY = "iPhone Distribution";
				"CODE_SIGN_IDENTITY[sdk=iphoneos*]" = "iPhone Developer: Liangjun Jiang (NLHVYBKJKH)";
				COMPRESS_PNG_FILES = NO;
				COPY_PHASE_STRIP = NO;
				GCC_C_LANGUAGE_STANDARD = gnu99;
				GCC_DYNAMIC_NO_PIC = NO;
				GCC_OPTIMIZATION_LEVEL = 0;
				GCC_PREPROCESSOR_DEFINITIONS = (
					"DEBUG=1",
					"$(inherited)",
				);
				GCC_SYMBOLS_PRIVATE_EXTERN = NO;
				GCC_VERSION = com.apple.compilers.llvm.clang.1_0;
				GCC_WARN_ABOUT_MISSING_PROTOTYPES = YES;
				GCC_WARN_ABOUT_RETURN_TYPE = YES;
				GCC_WARN_UNUSED_VARIABLE = YES;
				IPHONEOS_DEPLOYMENT_TARGET = 5.0;
				PROVISIONING_PROFILE = "";
				"PROVISIONING_PROFILE[sdk=iphoneos*]" = "47452A96-95AE-46D4-90A5-41C00FE6306E";
				SDKROOT = iphoneos;
			};
			name = Debug;
		};
		D65BFBDC14C348CA00B50263 /* Release */ = {
			isa = XCBuildConfiguration;
			buildSettings = {
				ALWAYS_SEARCH_USER_PATHS = YES;
				ARCHS = "$(ARCHS_STANDARD_32_BIT)";
				CODE_SIGN_IDENTITY = "iPhone Distribution: Liangjun Jiang";
				"CODE_SIGN_IDENTITY[sdk=iphoneos*]" = "iPhone Distribution";
				COMPRESS_PNG_FILES = NO;
				COPY_PHASE_STRIP = YES;
				GCC_C_LANGUAGE_STANDARD = gnu99;
				GCC_VERSION = com.apple.compilers.llvm.clang.1_0;
				GCC_WARN_ABOUT_MISSING_PROTOTYPES = YES;
				GCC_WARN_ABOUT_RETURN_TYPE = YES;
				GCC_WARN_UNUSED_VARIABLE = YES;
				IPHONEOS_DEPLOYMENT_TARGET = 5.0;
				OTHER_CFLAGS = "-DNS_BLOCK_ASSERTIONS=1";
				PROVISIONING_PROFILE = "7BACA096-4847-49F6-B736-84BB09BED8C7";
				"PROVISIONING_PROFILE[sdk=iphoneos*]" = "";
				SDKROOT = iphoneos;
				VALIDATE_PRODUCT = YES;
			};
			name = Release;
		};
		D65BFBDE14C348CA00B50263 /* Debug */ = {
			isa = XCBuildConfiguration;
			buildSettings = {
				CLANG_ENABLE_OBJC_ARC = YES;
				CODE_SIGN_IDENTITY = "iPhone Developer";
				FRAMEWORK_SEARCH_PATHS = /usr/include/libxml2;
				"FRAMEWORK_SEARCH_PATHS[arch=*]" = "";
				GCC_PRECOMPILE_PREFIX_HEADER = YES;
				GCC_PREFIX_HEADER = "HEBTest/HEBTest-Prefix.pch";
				HEADER_SEARCH_PATHS = (
					/usr/include/libxml2,
					"\"$(SOURCE_ROOT)/SBJson/Build\"",
				);
				INFOPLIST_FILE = "HEBTest/HEBTest-Info.plist";
				IPHONEOS_DEPLOYMENT_TARGET = 5.0;
				ONLY_ACTIVE_ARCH = YES;
				OTHER_LDFLAGS = (
					"-lxml2",
					"-ObjC-all_load",
				);
				"OTHER_LDFLAGS[arch=*]" = "-ObjC-all_load";
				PRODUCT_NAME = "HEB Weekly ADs";
				PROVISIONING_PROFILE = "";
				WRAPPER_EXTENSION = app;
			};
			name = Debug;
		};
		D65BFBDF14C348CA00B50263 /* Release */ = {
			isa = XCBuildConfiguration;
			buildSettings = {
				CLANG_ENABLE_OBJC_ARC = YES;
				CODE_SIGN_IDENTITY = "";
				"CODE_SIGN_IDENTITY[sdk=iphoneos*]" = "iPhone Developer";
				GCC_PRECOMPILE_PREFIX_HEADER = YES;
				GCC_PREFIX_HEADER = "HEBTest/HEBTest-Prefix.pch";
				HEADER_SEARCH_PATHS = (
					/usr/include/libxml2,
					"\"$(SOURCE_ROOT)/SBJson/Build\"",
				);
				INFOPLIST_FILE = "HEBTest/HEBTest-Info.plist";
				IPHONEOS_DEPLOYMENT_TARGET = 5.0;
				ONLY_ACTIVE_ARCH = YES;
				OTHER_LDFLAGS = (
					"-lxml2",
					"-ObjC-all_load",
				);
				PRODUCT_NAME = "HEB Weekly ADs";
				"PROVISIONING_PROFILE[sdk=iphoneos*]" = "";
				WRAPPER_EXTENSION = app;
			};
			name = Release;
		};
/* End XCBuildConfiguration section */

/* Begin XCConfigurationList section */
		D65BFBB914C348CA00B50263 /* Build configuration list for PBXProject "HEBTest" */ = {
			isa = XCConfigurationList;
			buildConfigurations = (
				D65BFBDB14C348CA00B50263 /* Debug */,
				D65BFBDC14C348CA00B50263 /* Release */,
				D61CA36514DF91CE0016BB37 /* Distribution */,
			);
			defaultConfigurationIsVisible = 0;
			defaultConfigurationName = Distribution;
		};
		D65BFBDD14C348CA00B50263 /* Build configuration list for PBXNativeTarget "HEBTest" */ = {
			isa = XCConfigurationList;
			buildConfigurations = (
				D65BFBDE14C348CA00B50263 /* Debug */,
				D65BFBDF14C348CA00B50263 /* Release */,
				D61CA36614DF91CE0016BB37 /* Distribution */,
			);
			defaultConfigurationIsVisible = 0;
			defaultConfigurationName = Distribution;
		};
/* End XCConfigurationList section */
	};
	rootObject = D65BFBB614C348CA00B50263 /* Project object */;
}
